{
  "name": "weval",
  "lockfileVersion": 3,
  "requires": true,
  "packages": {
    "": {
      "dependencies": {
        "@runno/wasi": "^0.7.0"
      }
    },
    "node_modules/@runno/wasi": {
      "version": "0.7.0",
      "resolved": "https://registry.npmjs.org/@runno/wasi/-/wasi-0.7.0.tgz",
      "integrity": "sha512-sfx7Z2Y0rgOk0FNe3Dax663Yojk631SMqmfBQYrYttNad/K30ITCqQTdynUddcEo4L+iJmfWifZIFmSbnbptMw=="
    }
  }
}
